
Microsoft Visual Studio Solution File, Format Version 12.00
# Visual Studio 15
VisualStudioVersion = 15.0.27130.2036
MinimumVisualStudioVersion = 10.0.40219.1
Project("{FAE04EC0-301F-11D3-BF4B-00C04F79EFBC}") = "ProductShop", "ProductsShop\ProductShop.csproj", "{267A30CD-660A-45C0-A352-D59624F024BF}"
EndProject
Project("{FAE04EC0-301F-11D3-BF4B-00C04F79EFBC}") = "ProductShop.Data", "ProductShop.Data\ProductShop.Data.csproj", "{AF0716E0-F74E-4684-96B4-50A5189EB9C1}"
EndProject
Project("{FAE04EC0-301F-11D3-BF4B-00C04F79EFBC}") = "ProductShop.Data.Models", "ProductShop.Data.Models\ProductShop.Data.Models.csproj", "{84FBB2D1-4E15-41E7-B8C6-6B5E239EBD70}"
EndProject
Global
	GlobalSection(SolutionConfigurationPlatforms) = preSolution
		Debug|Any CPU = Debug|Any CPU
		Release|Any CPU = Release|Any CPU
	EndGlobalSection
	GlobalSection(ProjectConfigurationPlatforms) = postSolution
		{267A30CD-660A-45C0-A352-D59624F024BF}.Debug|Any CPU.ActiveCfg = Debug|Any CPU
		{267A30CD-660A-45C0-A352-D59624F024BF}.Debug|Any CPU.Build.0 = Debug|Any CPU
		{267A30CD-660A-45C0-A352-D59624F024BF}.Release|Any CPU.ActiveCfg = Release|Any CPU
		{267A30CD-660A-45C0-A352-D59624F024BF}.Release|Any CPU.Build.0 = Release|Any CPU
		{AF0716E0-F74E-4684-96B4-50A5189EB9C1}.Debug|Any CPU.ActiveCfg = Debug|Any CPU
		{AF0716E0-F74E-4684-96B4-50A5189EB9C1}.Debug|Any CPU.Build.0 = Debug|Any CPU
		{AF0716E0-F74E-4684-96B4-50A5189EB9C1}.Release|Any CPU.ActiveCfg = Release|Any CPU
		{AF0716E0-F74E-4684-96B4-50A5189EB9C1}.Release|Any CPU.Build.0 = Release|Any CPU
		{84FBB2D1-4E15-41E7-B8C6-6B5E239EBD70}.Debug|Any CPU.ActiveCfg = Debug|Any CPU
		{84FBB2D1-4E15-41E7-B8C6-6B5E239EBD70}.Debug|Any CPU.Build.0 = Debug|Any CPU
		{84FBB2D1-4E15-41E7-B8C6-6B5E239EBD70}.Release|Any CPU.ActiveCfg = Release|Any CPU
		{84FBB2D1-4E15-41E7-B8C6-6B5E239EBD70}.Release|Any CPU.Build.0 = Release|Any CPU
	EndGlobalSection
	GlobalSection(SolutionProperties) = preSolution
		HideSolutionNode = FALSE
	EndGlobalSection
	GlobalSection(ExtensibilityGlobals) = postSolution
		SolutionGuid = {F8F0DF05-46F0-498E-832E-FE52CF244D3A}
	EndGlobalSection
EndGlobal
